{
  "version": "2",
  "remote": {
    "https://esm.sh/@js-temporal/polyfill@0.4.4": "3fb31a6e7c6abec3893c995e8637889a1f6e7e5e02dcc0ee097b3df340ceae22",
    "https://esm.sh/react-dom@18.2.0/client": "b394e9e24830294a165993cfd533c7de917dc6ad0a46720b3b2ef3ea0a0e1e5f",
    "https://esm.sh/react@18.2.0": "8950a34a030620fce8349d6bd3913b3bdb186c5ec7968fa5ba4d054e22d78e6c",
    "https://esm.sh/react@18.2.0/jsx-runtime": "914a55a07c388d345c5a0c11616ee5282242e8b8dfd0d505b83500ea04fd9870",
    "https://esm.sh/recharts@2.7.2": "787cdbaa70f1098a82393d760f92a14b792374e38be5abd4b70c389eee72424e",
    "https://esm.sh/stable/react@18.2.0/denonext/jsx-runtime.js": "54d8a51c6ca025380abd2d5302e4a9b38ff835d9759c4657e52314f587eaf6bf",
    "https://esm.sh/stable/react@18.2.0/denonext/react.mjs": "3c4f23bcfc53b256fcfaf6f834fa9f584c3bb7be667b2682c6cb6ba8ef88f8e6",
    "https://esm.sh/suncalc@1.9.0": "4727c8c4708763e44977a78a3f73b87fb41acf88cc41a2f30564cc8192798e82",
    "https://esm.sh/v128/@babel/runtime@7.22.6/denonext/helpers/interopRequireDefault.js": "89b0471c7541904425110b33d34df33fc8ec46d8af4390ec868d827d5b367bc6",
    "https://esm.sh/v128/@js-temporal/polyfill@0.4.4/denonext/polyfill.mjs": "a5080abed012185f3d443168cc12e80ae5de7c9db06027cce42bf0e78caf916c",
    "https://esm.sh/v128/classnames@2.3.2/denonext/classnames.mjs": "c0ff4dfdff5fa224319ddbc3acfa470bf3c5476c5e27ad4f481ea704de5c20ce",
    "https://esm.sh/v128/css-unit-converter@1.1.2/denonext/css-unit-converter.mjs": "293def11db92837966a9c9efc5c32772f60e900cb22e512f1776bcffeea812b1",
    "https://esm.sh/v128/d3-array@3.2.4/denonext/d3-array.mjs": "85a60a906d059395f729e899dbbea805e5347d54c21ce84c88379f9329dc7bc3",
    "https://esm.sh/v128/d3-color@3.1.0/denonext/d3-color.mjs": "122fc5641a8e7614e350502c67047a165dc2bf355b50f140a2eee1c785c162c9",
    "https://esm.sh/v128/d3-format@3.1.0/denonext/d3-format.mjs": "7527b9b146f53c0673442534996b432e496273f14a40c35778c2db5636d78e6d",
    "https://esm.sh/v128/d3-interpolate@3.0.1/denonext/d3-interpolate.mjs": "efbb37c317732ebfc7bb1fc8acecfe08dbbf38970257cc335d4d2d11def6dde5",
    "https://esm.sh/v128/d3-path@3.1.0/denonext/d3-path.mjs": "38324963b0a585cef0359e7ac96792d5de75e2889f274378cbb1cac4a041a4a8",
    "https://esm.sh/v128/d3-scale@4.0.2/denonext/d3-scale.mjs": "9d7b909636d229a701c9035d31c220b19e90bc3e7b1596efc6f60719d9fddbf8",
    "https://esm.sh/v128/d3-shape@3.2.0/denonext/d3-shape.mjs": "1e3abad93a0d2b7b310bcd5705915f36bb30408ebc96ae7aea243f2181c277a2",
    "https://esm.sh/v128/d3-time-format@4.1.0/denonext/d3-time-format.mjs": "b0b62f6204b2958c6498de8df56f8cd5eb5062dae268a82fe4ba06ef736dc99a",
    "https://esm.sh/v128/d3-time@3.1.0/denonext/d3-time.mjs": "8cb4a4d41bf25ab03d35992ce2c3d79296730af3bf85f322d00fa8aa25d089d5",
    "https://esm.sh/v128/decimal.js-light@2.5.1/denonext/decimal.js-light.mjs": "e84fc3e1bad1552571fe64fd23dc353802913b0db2048b046c1a3ff874084e17",
    "https://esm.sh/v128/dom-helpers@3.4.0/denonext/class/addClass.js": "f07df0be122eb131dec8a0494ca9e374552b266de56a2649288b4e3857e2a986",
    "https://esm.sh/v128/dom-helpers@3.4.0/denonext/class/removeClass.js": "7a4d2f997a2e8545c0f1c33fa165f1dca1563a4e833cb2ba6db990b07abd9f93",
    "https://esm.sh/v128/eventemitter3@4.0.7/denonext/eventemitter3.mjs": "6f8a6195e1a9effb73bb163c577400d608dec7c4e0bd839045fd9ea4db66e9fe",
    "https://esm.sh/v128/fast-equals@5.0.1/denonext/fast-equals.mjs": "082237c1b190940a6509173e28cce41d0ff58f81147300934d8055071e40d95f",
    "https://esm.sh/v128/internmap@2.0.3/denonext/internmap.mjs": "c186a0bf924a737fc6e44f062fbe24e6a11c4f0643ce7c357dfd2eaf811648c6",
    "https://esm.sh/v128/jsbi@4.3.0/denonext/jsbi.mjs": "322cdb63f08384a92bd0c8a105b174e88e66852577e3b3c060d905cc17eb0896",
    "https://esm.sh/v128/lodash@4.17.21/denonext/debounce.js": "2948cf2eb20c38ce1d7c9b1fc23b740615cd4c220b8347cd379029b7bf7558c8",
    "https://esm.sh/v128/lodash@4.17.21/denonext/every.js": "26bf992907bc6af30cf8435e1f14c4be860a9c9edd386f4bbfcf6a9c22b3a468",
    "https://esm.sh/v128/lodash@4.17.21/denonext/find.js": "33bacba93ce4bb1e9114cc950c07989f3593ec34a492bb050b24b191cd448dec",
    "https://esm.sh/v128/lodash@4.17.21/denonext/first.js": "0f06a0311c1b56dec84cde28747f3536afd6ffe48b68a7c4196c6444d029dea5",
    "https://esm.sh/v128/lodash@4.17.21/denonext/flatMap.js": "204856ab963f58ac45aa7e5eecb9666c8a7c876be71111f4307afc354639f525",
    "https://esm.sh/v128/lodash@4.17.21/denonext/get.js": "4f79a0f011051cc6a0625674c23ebb07e50d4a17172006efbecf256764c1f9e0",
    "https://esm.sh/v128/lodash@4.17.21/denonext/isArray.js": "0df45788d8e625401f40a6e6b08118bcacc4f66ac7bf2b96ed6cfdb401072997",
    "https://esm.sh/v128/lodash@4.17.21/denonext/isBoolean.js": "8a1ca7660f255918faa7ab0680073e3f3ea0f3fc597a030c437b107934983ee1",
    "https://esm.sh/v128/lodash@4.17.21/denonext/isEqual.js": "9e49ce86bdf7211a495b530feba9e349b3aab6bd74f377c8d7f68b26aea086f3",
    "https://esm.sh/v128/lodash@4.17.21/denonext/isFunction.js": "124c36ab6bf6bcf808bea41dcf4131ed673edc9019ed5955358a3d9eacba1aa6",
    "https://esm.sh/v128/lodash@4.17.21/denonext/isNaN.js": "13d7982b014039e32b465fa4fc14f755723b731cbad4f22eccaab5d2445312ea",
    "https://esm.sh/v128/lodash@4.17.21/denonext/isNil.js": "99d74e6b3012113f0e9045dca2bb335b890b154d4c2a91ae00ab50ad9ca0381d",
    "https://esm.sh/v128/lodash@4.17.21/denonext/isNumber.js": "a0313dd691ebb525c62eb7f25c6249f1d5a63f4ddaeaba09a0cbca80622e11da",
    "https://esm.sh/v128/lodash@4.17.21/denonext/isObject.js": "1473c80b3c01da603950c980d62c64c7c70d99c3a2888ce023eca0cb257fa0f4",
    "https://esm.sh/v128/lodash@4.17.21/denonext/isPlainObject.js": "80a562e4bbddffe2b7479e622830c09e4698e40fecab06160fd993224341839c",
    "https://esm.sh/v128/lodash@4.17.21/denonext/isString.js": "da7b56e3ce755f1e9e16dd8f8e079ec5436f05a21b801e5a7221c7086b19bdbd",
    "https://esm.sh/v128/lodash@4.17.21/denonext/last.js": "71b1d07f822db9b2d186e65c508aad2f7a176d0229fe37d73d0a7179a8a4e577",
    "https://esm.sh/v128/lodash@4.17.21/denonext/mapValues.js": "22e0100ba8e0cbdb84f953ab1ef1da712c31d9a58dda52bbc4e63c615386d228",
    "https://esm.sh/v128/lodash@4.17.21/denonext/max.js": "d968ebe0fecaa14bc2b7641028d8f97bea04a98fe8abbbffd802a5c6b00a02b5",
    "https://esm.sh/v128/lodash@4.17.21/denonext/maxBy.js": "a2abcfb0b5a090c6b17ec48a3c4d336cf36e4ba8766a23bc55412b5ad0c444f1",
    "https://esm.sh/v128/lodash@4.17.21/denonext/min.js": "817ace119083b327f31955b5a9ae982b6a2e89fe42076afe87679cb75a6280d5",
    "https://esm.sh/v128/lodash@4.17.21/denonext/minBy.js": "d752c40dfaeed23b76763663f63fe66ef704e8f54c5c2f5d8810cb003e56e918",
    "https://esm.sh/v128/lodash@4.17.21/denonext/omit.js": "725dd3210e4f855a7f9d47a72173577b93423a79f3eb2c1afa32526fb29f7ed3",
    "https://esm.sh/v128/lodash@4.17.21/denonext/range.js": "355a74461dac099b30a7311ffb6cad4b3dca3fbe6ac6a01ddb86b725822ecbaf",
    "https://esm.sh/v128/lodash@4.17.21/denonext/some.js": "7416714cff8ee1004e9b9673b84b71c9fbe2642911a52f4d597225c9446769a2",
    "https://esm.sh/v128/lodash@4.17.21/denonext/sortBy.js": "0cd3280cadc3621dfe598f3091d780e8dc8a6c515a571d04497f07e9da888cba",
    "https://esm.sh/v128/lodash@4.17.21/denonext/sumBy.js": "8b608aeec2c89cc1190fd657a06cb55f79be82701dab98141bc2e5c5af83071f",
    "https://esm.sh/v128/lodash@4.17.21/denonext/throttle.js": "116e941a91597914799a964c8af29672e76b86054bd3eafa529267cd019e27b7",
    "https://esm.sh/v128/lodash@4.17.21/denonext/uniqBy.js": "acf2d5ba27a03ab52b6cc6745fdca2c26d8d9fb3029c28a5051debb21eca49ee",
    "https://esm.sh/v128/lodash@4.17.21/denonext/upperFirst.js": "6d8d3faa236a5f441fcce1b7e3bcf2d6da7b42f8a43be84e7af38287f45c1f2a",
    "https://esm.sh/v128/postcss-value-parser@3.3.1/denonext/postcss-value-parser.mjs": "8b004ec46193610d37c6991cf85f47e35c357890915783ac3572ad2559d745c2",
    "https://esm.sh/v128/prop-types@15.8.1/denonext/prop-types.mjs": "c4ce53e88327d3911a960c3f34e76f114fce31a9e45139427a0df4fad24c1bd5",
    "https://esm.sh/v128/react-dom@18.2.0/denonext/client.js": "04c17de4d1a4c89258ca034b40e2cef959df9fc9e26d7ec69afe23f62ac4923b",
    "https://esm.sh/v128/react-dom@18.2.0/denonext/react-dom.mjs": "a2ae6182d08dcf63e912149425f52ecb37e7bd888438effe49ea71a58f9ab748",
    "https://esm.sh/v128/react-is@16.13.1/denonext/react-is.mjs": "4fc2bb5cfecb53c0f28cd7b730101ff83c05ca06fdd373bc2d6a9bdf662f96d4",
    "https://esm.sh/v128/react-lifecycles-compat@3.0.4/denonext/react-lifecycles-compat.mjs": "86566a6539ce83bb5110909d2d83b6212f97b3fac23cf49755d7bbec6263374e",
    "https://esm.sh/v128/react-resize-detector@8.1.0/denonext/react-resize-detector.mjs": "ba86dc0021dc379a250f62a5b452c21e13cf1d22d13c720f0d67f74194fbea36",
    "https://esm.sh/v128/react-smooth@2.0.3/denonext/react-smooth.mjs": "755d9ba59cba9eab1076752b867629f0182fda47d081d5e1a4128906bd29c9aa",
    "https://esm.sh/v128/react-transition-group@2.9.0/denonext/react-transition-group.mjs": "42ca6221c77979fdc8e1f6ddf7d59aeebce3955f8c730046ffb3d8b861abd822",
    "https://esm.sh/v128/recharts-scale@0.4.5/denonext/recharts-scale.mjs": "c0c38730c96acf5284fbf7a16443b9d08891edb693010653dfdf9f489610cacc",
    "https://esm.sh/v128/recharts@2.7.2/denonext/recharts.mjs": "524500b8b91b1e77d43cc3d6ff7669b2b418111543bc9b35759ea6195a61942c",
    "https://esm.sh/v128/reduce-css-calc@2.1.8/denonext/reduce-css-calc.mjs": "66dd5014295e5e49b38bbf6a24bb4e47ed0b5ec094025016dd26ed0deff0ad03",
    "https://esm.sh/v128/scheduler@0.23.0/denonext/scheduler.mjs": "cdbc6d2823e2c6fffcb14501146ff2602a38c48d3c9dd9268f308e833ede2b49",
    "https://esm.sh/v128/suncalc@1.9.0/denonext/suncalc.mjs": "ae15c0146a5a93a121fe913106637e83439d6be04481fb6dd6e91662c5197f1e",
    "https://esm.sh/v128/victory-vendor@36.6.11/denonext/d3-scale.js": "8b62bdc3d5b47c1caeb0d5ca261be43d7845d4eb4c7d223735ca7269e5fe59e0",
    "https://esm.sh/v128/victory-vendor@36.6.11/denonext/d3-shape.js": "aa367c8293b0df242ce5378f0c14fbb76a35ef56548c455415ae5d5531629b79"
  },
  "npm": {
    "specifiers": {
      "@js-temporal/polyfill": "@js-temporal/polyfill@0.4.4",
      "@vitejs/plugin-react-swc": "@vitejs/plugin-react-swc@3.3.2_vite@4.4.5",
      "react": "react@18.2.0",
      "react-dom": "react-dom@18.2.0_react@18.2.0",
      "recharts": "recharts@2.7.2_prop-types@15.8.1_react@18.2.0_react-dom@18.2.0__react@18.2.0",
      "suncalc": "suncalc@1.9.0",
      "vite": "vite@4.4.5"
    },
    "packages": {
      "@babel/runtime@7.22.6": {
        "integrity": "sha512-wDb5pWm4WDdF6LFUde3Jl8WzPA+3ZbxYqkC6xAXuD3irdEHN1k0NfTRrJD8ZD378SJ61miMLCqIOXYhd8x+AJQ==",
        "dependencies": {
          "regenerator-runtime": "regenerator-runtime@0.13.11"
        }
      },
      "@esbuild/android-arm64@0.18.15": {
        "integrity": "sha512-NI/gnWcMl2kXt1HJKOn2H69SYn4YNheKo6NZt1hyfKWdMbaGadxjZIkcj4Gjk/WPxnbFXs9/3HjGHaknCqjrww==",
        "dependencies": {}
      },
      "@esbuild/android-arm@0.18.15": {
        "integrity": "sha512-wlkQBWb79/jeEEoRmrxt/yhn5T1lU236OCNpnfRzaCJHZ/5gf82uYx1qmADTBWE0AR/v7FiozE1auk2riyQd3w==",
        "dependencies": {}
      },
      "@esbuild/android-x64@0.18.15": {
        "integrity": "sha512-FM9NQamSaEm/IZIhegF76aiLnng1kEsZl2eve/emxDeReVfRuRNmvT28l6hoFD9TsCxpK+i4v8LPpEj74T7yjA==",
        "dependencies": {}
      },
      "@esbuild/darwin-arm64@0.18.15": {
        "integrity": "sha512-XmrFwEOYauKte9QjS6hz60FpOCnw4zaPAb7XV7O4lx1r39XjJhTN7ZpXqJh4sN6q60zbP6QwAVVA8N/wUyBH/w==",
        "dependencies": {}
      },
      "@esbuild/darwin-x64@0.18.15": {
        "integrity": "sha512-bMqBmpw1e//7Fh5GLetSZaeo9zSC4/CMtrVFdj+bqKPGJuKyfNJ5Nf2m3LknKZTS+Q4oyPiON+v3eaJ59sLB5A==",
        "dependencies": {}
      },
      "@esbuild/freebsd-arm64@0.18.15": {
        "integrity": "sha512-LoTK5N3bOmNI9zVLCeTgnk5Rk0WdUTrr9dyDAQGVMrNTh9EAPuNwSTCgaKOKiDpverOa0htPcO9NwslSE5xuLA==",
        "dependencies": {}
      },
      "@esbuild/freebsd-x64@0.18.15": {
        "integrity": "sha512-62jX5n30VzgrjAjOk5orYeHFq6sqjvsIj1QesXvn5OZtdt5Gdj0vUNJy9NIpjfdNdqr76jjtzBJKf+h2uzYuTQ==",
        "dependencies": {}
      },
      "@esbuild/linux-arm64@0.18.15": {
        "integrity": "sha512-BWncQeuWDgYv0jTNzJjaNgleduV4tMbQjmk/zpPh/lUdMcNEAxy+jvneDJ6RJkrqloG7tB9S9rCrtfk/kuplsQ==",
        "dependencies": {}
      },
      "@esbuild/linux-arm@0.18.15": {
        "integrity": "sha512-dT4URUv6ir45ZkBqhwZwyFV6cH61k8MttIwhThp2BGiVtagYvCToF+Bggyx2VI57RG4Fbt21f9TmXaYx0DeUJg==",
        "dependencies": {}
      },
      "@esbuild/linux-ia32@0.18.15": {
        "integrity": "sha512-JPXORvgHRHITqfms1dWT/GbEY89u848dC08o0yK3fNskhp0t2TuNUnsrrSgOdH28ceb1hJuwyr8R/1RnyPwocw==",
        "dependencies": {}
      },
      "@esbuild/linux-loong64@0.18.15": {
        "integrity": "sha512-kArPI0DopjJCEplsVj/H+2Qgzz7vdFSacHNsgoAKpPS6W/Ndh8Oe24HRDQ5QCu4jHgN6XOtfFfLpRx3TXv/mEg==",
        "dependencies": {}
      },
      "@esbuild/linux-mips64el@0.18.15": {
        "integrity": "sha512-b/tmngUfO02E00c1XnNTw/0DmloKjb6XQeqxaYuzGwHe0fHVgx5/D6CWi+XH1DvkszjBUkK9BX7n1ARTOst59w==",
        "dependencies": {}
      },
      "@esbuild/linux-ppc64@0.18.15": {
        "integrity": "sha512-KXPY69MWw79QJkyvUYb2ex/OgnN/8N/Aw5UDPlgoRtoEfcBqfeLodPr42UojV3NdkoO4u10NXQdamWm1YEzSKw==",
        "dependencies": {}
      },
      "@esbuild/linux-riscv64@0.18.15": {
        "integrity": "sha512-komK3NEAeeGRnvFEjX1SfVg6EmkfIi5aKzevdvJqMydYr9N+pRQK0PGJXk+bhoPZwOUgLO4l99FZmLGk/L1jWg==",
        "dependencies": {}
      },
      "@esbuild/linux-s390x@0.18.15": {
        "integrity": "sha512-632T5Ts6gQ2WiMLWRRyeflPAm44u2E/s/TJvn+BP6M5mnHSk93cieaypj3VSMYO2ePTCRqAFXtuYi1yv8uZJNA==",
        "dependencies": {}
      },
      "@esbuild/linux-x64@0.18.15": {
        "integrity": "sha512-MsHtX0NgvRHsoOtYkuxyk4Vkmvk3PLRWfA4okK7c+6dT0Fu4SUqXAr9y4Q3d8vUf1VWWb6YutpL4XNe400iQ1g==",
        "dependencies": {}
      },
      "@esbuild/netbsd-x64@0.18.15": {
        "integrity": "sha512-djST6s+jQiwxMIVQ5rlt24JFIAr4uwUnzceuFL7BQT4CbrRtqBPueS4GjXSiIpmwVri1Icj/9pFRJ7/aScvT+A==",
        "dependencies": {}
      },
      "@esbuild/openbsd-x64@0.18.15": {
        "integrity": "sha512-naeRhUIvhsgeounjkF5mvrNAVMGAm6EJWiabskeE5yOeBbLp7T89tAEw0j5Jm/CZAwyLe3c67zyCWH6fsBLCpw==",
        "dependencies": {}
      },
      "@esbuild/sunos-x64@0.18.15": {
        "integrity": "sha512-qkT2+WxyKbNIKV1AEhI8QiSIgTHMcRctzSaa/I3kVgMS5dl3fOeoqkb7pW76KwxHoriImhx7Mg3TwN/auMDsyQ==",
        "dependencies": {}
      },
      "@esbuild/win32-arm64@0.18.15": {
        "integrity": "sha512-HC4/feP+pB2Vb+cMPUjAnFyERs+HJN7E6KaeBlFdBv799MhD+aPJlfi/yk36SED58J9TPwI8MAcVpJgej4ud0A==",
        "dependencies": {}
      },
      "@esbuild/win32-ia32@0.18.15": {
        "integrity": "sha512-ovjwoRXI+gf52EVF60u9sSDj7myPixPxqzD5CmkEUmvs+W9Xd0iqISVBQn8xcx4ciIaIVlWCuTbYDOXOnOL44Q==",
        "dependencies": {}
      },
      "@esbuild/win32-x64@0.18.15": {
        "integrity": "sha512-imUxH9a3WJARyAvrG7srLyiK73XdX83NXQkjKvQ+7vPh3ZxoLrzvPkQKKw2DwZ+RV2ZB6vBfNHP8XScAmQC3aA==",
        "dependencies": {}
      },
      "@js-temporal/polyfill@0.4.4": {
        "integrity": "sha512-2X6bvghJ/JAoZO52lbgyAPFj8uCflhTo2g7nkFzEQdXd/D8rEeD4HtmTEpmtGCva260fcd66YNXBOYdnmHqSOg==",
        "dependencies": {
          "jsbi": "jsbi@4.3.0",
          "tslib": "tslib@2.6.0"
        }
      },
      "@swc/core-darwin-arm64@1.3.70": {
        "integrity": "sha512-31+mcl0dgdRHvZRjhLOK9V6B+qJ7nxDZYINr9pBlqGWxknz37Vld5KK19Kpr79r0dXUZvaaelLjCnJk9dA2PcQ==",
        "dependencies": {}
      },
      "@swc/core-darwin-x64@1.3.70": {
        "integrity": "sha512-GMFJ65E18zQC80t0os+TZvI+8lbRuitncWVge/RXmXbVLPRcdykP4EJ87cqzcG5Ah0z18/E0T+ixD6jHRisrYQ==",
        "dependencies": {}
      },
      "@swc/core-linux-arm-gnueabihf@1.3.70": {
        "integrity": "sha512-wjhCwS8LCiAq2VedF1b4Bryyw68xZnfMED4pLRazAl8BaUlDFANfRBORNunxlfHQj4V3x39IaiLgCZRHMdzXBg==",
        "dependencies": {}
      },
      "@swc/core-linux-arm64-gnu@1.3.70": {
        "integrity": "sha512-9D/Rx67cAOnMiexvCqARxvhj7coRajTp5HlJHuf+rfwMqI2hLhpO9/pBMQxBUAWxODO/ksQ/OF+GJRjmtWw/2A==",
        "dependencies": {}
      },
      "@swc/core-linux-arm64-musl@1.3.70": {
        "integrity": "sha512-gkjxBio7XD+1GlQVVyPP/qeFkLu83VhRHXaUrkNYpr5UZG9zZurBERT9nkS6Y+ouYh+Q9xmw57aIyd2KvD2zqQ==",
        "dependencies": {}
      },
      "@swc/core-linux-x64-gnu@1.3.70": {
        "integrity": "sha512-/nCly+V4xfMVwfEUoLLAukxUSot/RcSzsf6GdsGTjFcrp5sZIntAjokYRytm3VT1c2TK321AfBorsi9R5w8Y7Q==",
        "dependencies": {}
      },
      "@swc/core-linux-x64-musl@1.3.70": {
        "integrity": "sha512-HoOsPJbt361KGKaivAK0qIiYARkhzlxeAfvF5NlnKxkIMOZpQ46Lwj3tR0VWohKbrhS+cYKFlVuDi5XnDkx0XA==",
        "dependencies": {}
      },
      "@swc/core-win32-arm64-msvc@1.3.70": {
        "integrity": "sha512-hm4IBK/IaRil+aj1cWU6f0GyAdHpw/Jr5nyFYLM2c/tt7w2t5hgb8NjzM2iM84lOClrig1fG6edj2vCF1dFzNQ==",
        "dependencies": {}
      },
      "@swc/core-win32-ia32-msvc@1.3.70": {
        "integrity": "sha512-5cgKUKIT/9Fp5fCA+zIjYCQ4dSvjFYOeWGZR3QiTXGkC4bGa1Ji9SEPyeIAX0iruUnKjYaZB9RvHK2tNn7RLrQ==",
        "dependencies": {}
      },
      "@swc/core-win32-x64-msvc@1.3.70": {
        "integrity": "sha512-LE8lW46+TQBzVkn2mHBlk8DIElPIZ2dO5P8AbJiARNBAnlqQWu67l9gWM89UiZ2l33J2cI37pHzON3tKnT8f9g==",
        "dependencies": {}
      },
      "@swc/core@1.3.70": {
        "integrity": "sha512-LWVWlEDLlOD25PvA2NEz41UzdwXnlDyBiZbe69s3zM0DfCPwZXLUm79uSqH9ItsOjTrXSL5/1+XUL6C/BZwChA==",
        "dependencies": {
          "@swc/core-darwin-arm64": "@swc/core-darwin-arm64@1.3.70",
          "@swc/core-darwin-x64": "@swc/core-darwin-x64@1.3.70",
          "@swc/core-linux-arm-gnueabihf": "@swc/core-linux-arm-gnueabihf@1.3.70",
          "@swc/core-linux-arm64-gnu": "@swc/core-linux-arm64-gnu@1.3.70",
          "@swc/core-linux-arm64-musl": "@swc/core-linux-arm64-musl@1.3.70",
          "@swc/core-linux-x64-gnu": "@swc/core-linux-x64-gnu@1.3.70",
          "@swc/core-linux-x64-musl": "@swc/core-linux-x64-musl@1.3.70",
          "@swc/core-win32-arm64-msvc": "@swc/core-win32-arm64-msvc@1.3.70",
          "@swc/core-win32-ia32-msvc": "@swc/core-win32-ia32-msvc@1.3.70",
          "@swc/core-win32-x64-msvc": "@swc/core-win32-x64-msvc@1.3.70"
        }
      },
      "@types/d3-array@3.0.5": {
        "integrity": "sha512-Qk7fpJ6qFp+26VeQ47WY0mkwXaiq8+76RJcncDEfMc2ocRzXLO67bLFRNI4OX1aGBoPzsM5Y2T+/m1pldOgD+A==",
        "dependencies": {}
      },
      "@types/d3-color@3.1.0": {
        "integrity": "sha512-HKuicPHJuvPgCD+np6Se9MQvS6OCbJmOjGvylzMJRlDwUXjKTTXs6Pwgk79O09Vj/ho3u1ofXnhFOaEWWPrlwA==",
        "dependencies": {}
      },
      "@types/d3-ease@3.0.0": {
        "integrity": "sha512-aMo4eaAOijJjA6uU+GIeW018dvy9+oH5Y2VPPzjjfxevvGQ/oRDs+tfYC9b50Q4BygRR8yE2QCLsrT0WtAVseA==",
        "dependencies": {}
      },
      "@types/d3-interpolate@3.0.1": {
        "integrity": "sha512-jx5leotSeac3jr0RePOH1KdR9rISG91QIE4Q2PYTu4OymLTZfA3SrnURSLzKH48HmXVUru50b8nje4E79oQSQw==",
        "dependencies": {
          "@types/d3-color": "@types/d3-color@3.1.0"
        }
      },
      "@types/d3-path@3.0.0": {
        "integrity": "sha512-0g/A+mZXgFkQxN3HniRDbXMN79K3CdTpLsevj+PXiTcb2hVyvkZUBg37StmgCQkaD84cUJ4uaDAWq7UJOQy2Tg==",
        "dependencies": {}
      },
      "@types/d3-scale@4.0.3": {
        "integrity": "sha512-PATBiMCpvHJSMtZAMEhc2WyL+hnzarKzI6wAHYjhsonjWJYGq5BXTzQjv4l8m2jO183/4wZ90rKvSeT7o72xNQ==",
        "dependencies": {
          "@types/d3-time": "@types/d3-time@3.0.0"
        }
      },
      "@types/d3-shape@3.1.1": {
        "integrity": "sha512-6Uh86YFF7LGg4PQkuO2oG6EMBRLuW9cbavUW46zkIO5kuS2PfTqo2o9SkgtQzguBHbLgNnU90UNsITpsX1My+A==",
        "dependencies": {
          "@types/d3-path": "@types/d3-path@3.0.0"
        }
      },
      "@types/d3-time@3.0.0": {
        "integrity": "sha512-sZLCdHvBUcNby1cB6Fd3ZBrABbjz3v1Vm90nysCQ6Vt7vd6e/h9Lt7SiJUoEX0l4Dzc7P5llKyhqSi1ycSf1Hg==",
        "dependencies": {}
      },
      "@types/d3-timer@3.0.0": {
        "integrity": "sha512-HNB/9GHqu7Fo8AQiugyJbv6ZxYz58wef0esl4Mv828w1ZKpAshw/uFWVDUcIB9KKFeFKoxS3cHY07FFgtTRZ1g==",
        "dependencies": {}
      },
      "@vitejs/plugin-react-swc@3.3.2_vite@4.4.5": {
        "integrity": "sha512-VJFWY5sfoZerQRvJrh518h3AcQt6f/yTuWn4/TRB+dqmYU0NX1qz7qM5Wfd+gOQqUzQW4gxKqKN3KpE/P3+zrA==",
        "dependencies": {
          "@swc/core": "@swc/core@1.3.70",
          "vite": "vite@4.4.5"
        }
      },
      "classnames@2.3.2": {
        "integrity": "sha512-CSbhY4cFEJRe6/GQzIk5qXZ4Jeg5pcsP7b5peFSDpffpe1cqjASH/n9UTjBwOp6XpMSTwQ8Za2K5V02ueA7Tmw==",
        "dependencies": {}
      },
      "css-unit-converter@1.1.2": {
        "integrity": "sha512-IiJwMC8rdZE0+xiEZHeru6YoONC4rfPMqGm2W85jMIbkFvv5nFTwJVFHam2eFrN6txmoUYFAFXiv8ICVeTO0MA==",
        "dependencies": {}
      },
      "d3-array@3.2.4": {
        "integrity": "sha512-tdQAmyA18i4J7wprpYq8ClcxZy3SC31QMeByyCFyRt7BVHdREQZ5lpzoe5mFEYZUWe+oq8HBvk9JjpibyEV4Jg==",
        "dependencies": {
          "internmap": "internmap@2.0.3"
        }
      },
      "d3-color@3.1.0": {
        "integrity": "sha512-zg/chbXyeBtMQ1LbD/WSoW2DpC3I0mpmPdW+ynRTj/x2DAWYrIY7qeZIHidozwV24m4iavr15lNwIwLxRmOxhA==",
        "dependencies": {}
      },
      "d3-ease@3.0.1": {
        "integrity": "sha512-wR/XK3D3XcLIZwpbvQwQ5fK+8Ykds1ip7A2Txe0yxncXSdq1L9skcG7blcedkOX+ZcgxGAmLX1FrRGbADwzi0w==",
        "dependencies": {}
      },
      "d3-format@3.1.0": {
        "integrity": "sha512-YyUI6AEuY/Wpt8KWLgZHsIU86atmikuoOmCfommt0LYHiQSPjvX2AcFc38PX0CBpr2RCyZhjex+NS/LPOv6YqA==",
        "dependencies": {}
      },
      "d3-interpolate@3.0.1": {
        "integrity": "sha512-3bYs1rOD33uo8aqJfKP3JWPAibgw8Zm2+L9vBKEHJ2Rg+viTR7o5Mmv5mZcieN+FRYaAOWX5SJATX6k1PWz72g==",
        "dependencies": {
          "d3-color": "d3-color@3.1.0"
        }
      },
      "d3-path@3.1.0": {
        "integrity": "sha512-p3KP5HCf/bvjBSSKuXid6Zqijx7wIfNW+J/maPs+iwR35at5JCbLUT0LzF1cnjbCHWhqzQTIN2Jpe8pRebIEFQ==",
        "dependencies": {}
      },
      "d3-scale@4.0.2": {
        "integrity": "sha512-GZW464g1SH7ag3Y7hXjf8RoUuAFIqklOAq3MRl4OaWabTFJY9PN/E1YklhXLh+OQ3fM9yS2nOkCoS+WLZ6kvxQ==",
        "dependencies": {
          "d3-array": "d3-array@3.2.4",
          "d3-format": "d3-format@3.1.0",
          "d3-interpolate": "d3-interpolate@3.0.1",
          "d3-time": "d3-time@3.1.0",
          "d3-time-format": "d3-time-format@4.1.0"
        }
      },
      "d3-shape@3.2.0": {
        "integrity": "sha512-SaLBuwGm3MOViRq2ABk3eLoxwZELpH6zhl3FbAoJ7Vm1gofKx6El1Ib5z23NUEhF9AsGl7y+dzLe5Cw2AArGTA==",
        "dependencies": {
          "d3-path": "d3-path@3.1.0"
        }
      },
      "d3-time-format@4.1.0": {
        "integrity": "sha512-dJxPBlzC7NugB2PDLwo9Q8JiTR3M3e4/XANkreKSUxF8vvXKqm1Yfq4Q5dl8budlunRVlUUaDUgFt7eA8D6NLg==",
        "dependencies": {
          "d3-time": "d3-time@3.1.0"
        }
      },
      "d3-time@3.1.0": {
        "integrity": "sha512-VqKjzBLejbSMT4IgbmVgDjpkYrNWUYJnbCGo874u7MMKIWsILRX+OpX/gTk8MqjpT1A/c6HY2dCA77ZN0lkQ2Q==",
        "dependencies": {
          "d3-array": "d3-array@3.2.4"
        }
      },
      "d3-timer@3.0.1": {
        "integrity": "sha512-ndfJ/JxxMd3nw31uyKoY2naivF+r29V+Lc0svZxe1JvvIRmi8hUsrMvdOwgS1o6uBHmiz91geQ0ylPP0aj1VUA==",
        "dependencies": {}
      },
      "decimal.js-light@2.5.1": {
        "integrity": "sha512-qIMFpTMZmny+MMIitAB6D7iVPEorVw6YQRWkvarTkT4tBeSLLiHzcwj6q0MmYSFCiVpiqPJTJEYIrpcPzVEIvg==",
        "dependencies": {}
      },
      "dom-helpers@3.4.0": {
        "integrity": "sha512-LnuPJ+dwqKDIyotW1VzmOZ5TONUN7CwkCR5hrgawTUbkBGYdeoNLZo6nNfGkCrjtE1nXXaj7iMMpDa8/d9WoIA==",
        "dependencies": {
          "@babel/runtime": "@babel/runtime@7.22.6"
        }
      },
      "esbuild@0.18.15": {
        "integrity": "sha512-3WOOLhrvuTGPRzQPU6waSDWrDTnQriia72McWcn6UCi43GhCHrXH4S59hKMeez+IITmdUuUyvbU9JIp+t3xlPQ==",
        "dependencies": {
          "@esbuild/android-arm": "@esbuild/android-arm@0.18.15",
          "@esbuild/android-arm64": "@esbuild/android-arm64@0.18.15",
          "@esbuild/android-x64": "@esbuild/android-x64@0.18.15",
          "@esbuild/darwin-arm64": "@esbuild/darwin-arm64@0.18.15",
          "@esbuild/darwin-x64": "@esbuild/darwin-x64@0.18.15",
          "@esbuild/freebsd-arm64": "@esbuild/freebsd-arm64@0.18.15",
          "@esbuild/freebsd-x64": "@esbuild/freebsd-x64@0.18.15",
          "@esbuild/linux-arm": "@esbuild/linux-arm@0.18.15",
          "@esbuild/linux-arm64": "@esbuild/linux-arm64@0.18.15",
          "@esbuild/linux-ia32": "@esbuild/linux-ia32@0.18.15",
          "@esbuild/linux-loong64": "@esbuild/linux-loong64@0.18.15",
          "@esbuild/linux-mips64el": "@esbuild/linux-mips64el@0.18.15",
          "@esbuild/linux-ppc64": "@esbuild/linux-ppc64@0.18.15",
          "@esbuild/linux-riscv64": "@esbuild/linux-riscv64@0.18.15",
          "@esbuild/linux-s390x": "@esbuild/linux-s390x@0.18.15",
          "@esbuild/linux-x64": "@esbuild/linux-x64@0.18.15",
          "@esbuild/netbsd-x64": "@esbuild/netbsd-x64@0.18.15",
          "@esbuild/openbsd-x64": "@esbuild/openbsd-x64@0.18.15",
          "@esbuild/sunos-x64": "@esbuild/sunos-x64@0.18.15",
          "@esbuild/win32-arm64": "@esbuild/win32-arm64@0.18.15",
          "@esbuild/win32-ia32": "@esbuild/win32-ia32@0.18.15",
          "@esbuild/win32-x64": "@esbuild/win32-x64@0.18.15"
        }
      },
      "eventemitter3@4.0.7": {
        "integrity": "sha512-8guHBZCwKnFhYdHr2ysuRWErTwhoN2X8XELRlrRwpmfeY2jjuUN4taQMsULKUVo1K4DvZl+0pgfyoysHxvmvEw==",
        "dependencies": {}
      },
      "fast-equals@5.0.1": {
        "integrity": "sha512-WF1Wi8PwwSY7/6Kx0vKXtw8RwuSGoM1bvDaJbu7MxDlR1vovZjIAKrnzyrThgAjm6JDTu0fVgWXDlMGspodfoQ==",
        "dependencies": {}
      },
      "fsevents@2.3.2": {
        "integrity": "sha512-xiqMQR4xAeHTuB9uWm+fFRcIOgKBMiOBP+eXiyT7jsgVCq1bkVygt00oASowB7EdtpOHaaPgKt812P9ab+DDKA==",
        "dependencies": {}
      },
      "internmap@2.0.3": {
        "integrity": "sha512-5Hh7Y1wQbvY5ooGgPbDaL5iYLAPzMTUrjMulskHLH6wnv/A+1q5rgEaiuqEjB+oxGXIVZs1FF+R/KPN3ZSQYYg==",
        "dependencies": {}
      },
      "js-tokens@4.0.0": {
        "integrity": "sha512-RdJUflcE3cUzKiMqQgsCu06FPu9UdIJO0beYbPhHN4k6apgJtifcoCtT9bcxOpYBtpD2kCM6Sbzg4CausW/PKQ==",
        "dependencies": {}
      },
      "jsbi@4.3.0": {
        "integrity": "sha512-SnZNcinB4RIcnEyZqFPdGPVgrg2AcnykiBy0sHVJQKHYeaLUvi3Exj+iaPpLnFVkDPZIV4U0yvgC9/R4uEAZ9g==",
        "dependencies": {}
      },
      "lodash@4.17.21": {
        "integrity": "sha512-v2kDEe57lecTulaDIuNTPy3Ry4gLGJ6Z1O3vE1krgXZNrsQ+LFTGHVxVjcXPs17LhbZVGedAJv8XZ1tvj5FvSg==",
        "dependencies": {}
      },
      "loose-envify@1.4.0": {
        "integrity": "sha512-lyuxPGr/Wfhrlem2CL/UcnUc1zcqKAImBDzukY7Y5F/yQiNdko6+fRLevlw1HgMySw7f611UIY408EtxRSoK3Q==",
        "dependencies": {
          "js-tokens": "js-tokens@4.0.0"
        }
      },
      "nanoid@3.3.6": {
        "integrity": "sha512-BGcqMMJuToF7i1rt+2PWSNVnWIkGCU78jBG3RxO/bZlnZPK2Cmi2QaffxGO/2RvWi9sL+FAiRiXMgsyxQ1DIDA==",
        "dependencies": {}
      },
      "object-assign@4.1.1": {
        "integrity": "sha512-rJgTQnkUnH1sFw8yT6VSU3zD3sWmu6sZhIseY8VX+GRu3P6F7Fu+JNDoXfklElbLJSnc3FUQHVe4cU5hj+BcUg==",
        "dependencies": {}
      },
      "picocolors@1.0.0": {
        "integrity": "sha512-1fygroTLlHu66zi26VoTDv8yRgm0Fccecssto+MhsZ0D/DGW2sm8E8AjW7NU5VVTRt5GxbeZ5qBuJr+HyLYkjQ==",
        "dependencies": {}
      },
      "postcss-value-parser@3.3.1": {
        "integrity": "sha512-pISE66AbVkp4fDQ7VHBwRNXzAAKJjw4Vw7nWI/+Q3vuly7SNfgYXvm6i5IgFylHGK5sP/xHAbB7N49OS4gWNyQ==",
        "dependencies": {}
      },
      "postcss@8.4.26": {
        "integrity": "sha512-jrXHFF8iTloAenySjM/ob3gSj7pCu0Ji49hnjqzsgSRa50hkWCKD0HQ+gMNJkW38jBI68MpAAg7ZWwHwX8NMMw==",
        "dependencies": {
          "nanoid": "nanoid@3.3.6",
          "picocolors": "picocolors@1.0.0",
          "source-map-js": "source-map-js@1.0.2"
        }
      },
      "prop-types@15.8.1": {
        "integrity": "sha512-oj87CgZICdulUohogVAR7AjlC0327U4el4L6eAvOqCeudMDVU0NThNaV+b9Df4dXgSP1gXMTnPdhfe/2qDH5cg==",
        "dependencies": {
          "loose-envify": "loose-envify@1.4.0",
          "object-assign": "object-assign@4.1.1",
          "react-is": "react-is@16.13.1"
        }
      },
      "react-dom@18.2.0_react@18.2.0": {
        "integrity": "sha512-6IMTriUmvsjHUjNtEDudZfuDQUoWXVxKHhlEGSk81n4YFS+r/Kl99wXiwlVXtPBtJenozv2P+hxDsw9eA7Xo6g==",
        "dependencies": {
          "loose-envify": "loose-envify@1.4.0",
          "react": "react@18.2.0",
          "scheduler": "scheduler@0.23.0"
        }
      },
      "react-is@16.13.1": {
        "integrity": "sha512-24e6ynE2H+OKt4kqsOvNd8kBpV65zoxbA4BVsEOB3ARVWQki/DHzaUoC5KuON/BiccDaCCTZBuOcfZs70kR8bQ==",
        "dependencies": {}
      },
      "react-lifecycles-compat@3.0.4": {
        "integrity": "sha512-fBASbA6LnOU9dOU2eW7aQ8xmYBSXUIWr+UmF9b1efZBazGNO+rcXT/icdKnYm2pTwcRylVUYwW7H1PHfLekVzA==",
        "dependencies": {}
      },
      "react-resize-detector@8.1.0_react@18.2.0_react-dom@18.2.0__react@18.2.0": {
        "integrity": "sha512-S7szxlaIuiy5UqLhLL1KY3aoyGHbZzsTpYal9eYMwCyKqoqoVLCmIgAgNyIM1FhnP2KyBygASJxdhejrzjMb+w==",
        "dependencies": {
          "lodash": "lodash@4.17.21",
          "react": "react@18.2.0",
          "react-dom": "react-dom@18.2.0_react@18.2.0"
        }
      },
      "react-smooth@2.0.3_prop-types@15.8.1_react@18.2.0_react-dom@18.2.0__react@18.2.0": {
        "integrity": "sha512-yl4y3XiMorss7ayF5QnBiSprig0+qFHui8uh7Hgg46QX5O+aRMRKlfGGNGLHno35JkQSvSYY8eCWkBfHfrSHfg==",
        "dependencies": {
          "fast-equals": "fast-equals@5.0.1",
          "prop-types": "prop-types@15.8.1",
          "react": "react@18.2.0",
          "react-dom": "react-dom@18.2.0_react@18.2.0",
          "react-transition-group": "react-transition-group@2.9.0_react@18.2.0_react-dom@18.2.0__react@18.2.0"
        }
      },
      "react-transition-group@2.9.0_react@18.2.0_react-dom@18.2.0__react@18.2.0": {
        "integrity": "sha512-+HzNTCHpeQyl4MJ/bdE0u6XRMe9+XG/+aL4mCxVN4DnPBQ0/5bfHWPDuOZUzYdMj94daZaZdCCc1Dzt9R/xSSg==",
        "dependencies": {
          "dom-helpers": "dom-helpers@3.4.0",
          "loose-envify": "loose-envify@1.4.0",
          "prop-types": "prop-types@15.8.1",
          "react": "react@18.2.0",
          "react-dom": "react-dom@18.2.0_react@18.2.0",
          "react-lifecycles-compat": "react-lifecycles-compat@3.0.4"
        }
      },
      "react@18.2.0": {
        "integrity": "sha512-/3IjMdb2L9QbBdWiW5e3P2/npwMBaU9mHCSCUzNln0ZCYbcfTsGbTJrU/kGemdH2IWmB2ioZ+zkxtmq6g09fGQ==",
        "dependencies": {
          "loose-envify": "loose-envify@1.4.0"
        }
      },
      "recharts-scale@0.4.5": {
        "integrity": "sha512-kivNFO+0OcUNu7jQquLXAxz1FIwZj8nrj+YkOKc5694NbjCvcT6aSZiIzNzd2Kul4o4rTto8QVR9lMNtxD4G1w==",
        "dependencies": {
          "decimal.js-light": "decimal.js-light@2.5.1"
        }
      },
      "recharts@2.7.2_prop-types@15.8.1_react@18.2.0_react-dom@18.2.0__react@18.2.0": {
        "integrity": "sha512-HMKRBkGoOXHW+7JcRa6+MukPSifNtJlqbc+JreGVNA407VLE/vOP+8n3YYjprDVVIF9E2ZgwWnL3D7K/LUFzBg==",
        "dependencies": {
          "classnames": "classnames@2.3.2",
          "eventemitter3": "eventemitter3@4.0.7",
          "lodash": "lodash@4.17.21",
          "prop-types": "prop-types@15.8.1",
          "react": "react@18.2.0",
          "react-dom": "react-dom@18.2.0_react@18.2.0",
          "react-is": "react-is@16.13.1",
          "react-resize-detector": "react-resize-detector@8.1.0_react@18.2.0_react-dom@18.2.0__react@18.2.0",
          "react-smooth": "react-smooth@2.0.3_prop-types@15.8.1_react@18.2.0_react-dom@18.2.0__react@18.2.0",
          "recharts-scale": "recharts-scale@0.4.5",
          "reduce-css-calc": "reduce-css-calc@2.1.8",
          "victory-vendor": "victory-vendor@36.6.11"
        }
      },
      "reduce-css-calc@2.1.8": {
        "integrity": "sha512-8liAVezDmUcH+tdzoEGrhfbGcP7nOV4NkGE3a74+qqvE7nt9i4sKLGBuZNOnpI4WiGksiNPklZxva80061QiPg==",
        "dependencies": {
          "css-unit-converter": "css-unit-converter@1.1.2",
          "postcss-value-parser": "postcss-value-parser@3.3.1"
        }
      },
      "regenerator-runtime@0.13.11": {
        "integrity": "sha512-kY1AZVr2Ra+t+piVaJ4gxaFaReZVH40AKNo7UCX6W+dEwBo/2oZJzqfuN1qLq1oL45o56cPaTXELwrTh8Fpggg==",
        "dependencies": {}
      },
      "rollup@3.26.3": {
        "integrity": "sha512-7Tin0C8l86TkpcMtXvQu6saWH93nhG3dGQ1/+l5V2TDMceTxO7kDiK6GzbfLWNNxqJXm591PcEZUozZm51ogwQ==",
        "dependencies": {
          "fsevents": "fsevents@2.3.2"
        }
      },
      "scheduler@0.23.0": {
        "integrity": "sha512-CtuThmgHNg7zIZWAXi3AsyIzA3n4xx7aNyjwC2VJldO2LMVDhFK+63xGqq6CsJH4rTAt6/M+N4GhZiDYPx9eUw==",
        "dependencies": {
          "loose-envify": "loose-envify@1.4.0"
        }
      },
      "source-map-js@1.0.2": {
        "integrity": "sha512-R0XvVJ9WusLiqTCEiGCmICCMplcCkIwwR11mOSD9CR5u+IXYdiseeEuXCVAjS54zqwkLcPNnmU4OeJ6tUrWhDw==",
        "dependencies": {}
      },
      "suncalc@1.9.0": {
        "integrity": "sha512-vMJ8Byp1uIPoj+wb9c1AdK4jpkSKVAywgHX0lqY7zt6+EWRRC3Z+0Ucfjy/0yxTVO1hwwchZe4uoFNqrIC24+A==",
        "dependencies": {}
      },
      "tslib@2.6.0": {
        "integrity": "sha512-7At1WUettjcSRHXCyYtTselblcHl9PJFFVKiCAy/bY97+BPZXSQ2wbq0P9s8tK2G7dFQfNnlJnPAiArVBVBsfA==",
        "dependencies": {}
      },
      "victory-vendor@36.6.11": {
        "integrity": "sha512-nT8kCiJp8dQh8g991J/R5w5eE2KnO8EAIP0xocWlh9l2okngMWglOPoMZzJvek8Q1KUc4XE/mJxTZnvOB1sTYg==",
        "dependencies": {
          "@types/d3-array": "@types/d3-array@3.0.5",
          "@types/d3-ease": "@types/d3-ease@3.0.0",
          "@types/d3-interpolate": "@types/d3-interpolate@3.0.1",
          "@types/d3-scale": "@types/d3-scale@4.0.3",
          "@types/d3-shape": "@types/d3-shape@3.1.1",
          "@types/d3-time": "@types/d3-time@3.0.0",
          "@types/d3-timer": "@types/d3-timer@3.0.0",
          "d3-array": "d3-array@3.2.4",
          "d3-ease": "d3-ease@3.0.1",
          "d3-interpolate": "d3-interpolate@3.0.1",
          "d3-scale": "d3-scale@4.0.2",
          "d3-shape": "d3-shape@3.2.0",
          "d3-time": "d3-time@3.1.0",
          "d3-timer": "d3-timer@3.0.1"
        }
      },
      "vite@4.4.5": {
        "integrity": "sha512-4m5kEtAWHYr0O1Fu7rZp64CfO1PsRGZlD3TAB32UmQlpd7qg15VF7ROqGN5CyqN7HFuwr7ICNM2+fDWRqFEKaA==",
        "dependencies": {
          "esbuild": "esbuild@0.18.15",
          "fsevents": "fsevents@2.3.2",
          "postcss": "postcss@8.4.26",
          "rollup": "rollup@3.26.3"
        }
      }
    }
  }
}
